
Microsoft Visual Studio Solution File, Format Version 12.00
# Visual Studio Version 16
VisualStudioVersion = 16.0.32630.194
MinimumVisualStudioVersion = 10.0.40219.1
Project("{8BC9CEB8-8B4A-11D0-8D11-00A0C91BC942}") = "paste_smasher", "paste_smasher\paste_smasher.vcxproj", "{0C3AE295-3AF6-494C-AE7B-1FE523375D98}"
EndProject
Global
	GlobalSection(SolutionConfigurationPlatforms) = preSolution
		Debug|x64 = Debug|x64
		Debug|x86 = Debug|x86
		Release|x64 = Release|x64
		Release|x86 = Release|x86
	EndGlobalSection
	GlobalSection(ProjectConfigurationPlatforms) = postSolution
		{0C3AE295-3AF6-494C-AE7B-1FE523375D98}.Debug|x64.ActiveCfg = Debug|x64
		{0C3AE295-3AF6-494C-AE7B-1FE523375D98}.Debug|x64.Build.0 = Debug|x64
		{0C3AE295-3AF6-494C-AE7B-1FE523375D98}.Debug|x86.ActiveCfg = Debug|Win32
		{0C3AE295-3AF6-494C-AE7B-1FE523375D98}.Debug|x86.Build.0 = Debug|Win32
		{0C3AE295-3AF6-494C-AE7B-1FE523375D98}.Release|x64.ActiveCfg = Release|x64
		{0C3AE295-3AF6-494C-AE7B-1FE523375D98}.Release|x64.Build.0 = Release|x64
		{0C3AE295-3AF6-494C-AE7B-1FE523375D98}.Release|x86.ActiveCfg = Release|Win32
		{0C3AE295-3AF6-494C-AE7B-1FE523375D98}.Release|x86.Build.0 = Release|Win32
	EndGlobalSection
	GlobalSection(SolutionProperties) = preSolution
		HideSolutionNode = FALSE
	EndGlobalSection
	GlobalSection(ExtensibilityGlobals) = postSolution
		SolutionGuid = {263635D9-4D18-43A7-B0A2-0E58ABB21D42}
	EndGlobalSection
EndGlobal
